
Microsoft Visual Studio Solution File, Format Version 12.00
# Visual Studio 15
VisualStudioVersion = 15.0.28307.1525
MinimumVisualStudioVersion = 10.0.40219.1
Project("{FAE04EC0-301F-11D3-BF4B-00C04F79EFBC}") = "SAT.UI.MVC", "SAT.UI.MVC\SAT.UI.MVC.csproj", "{657E9E8A-3757-46DC-AB71-5E1F270E6893}"
EndProject
Global
	GlobalSection(SolutionConfigurationPlatforms) = preSolution
		Debug|Any CPU = Debug|Any CPU
		Release|Any CPU = Release|Any CPU
	EndGlobalSection
	GlobalSection(ProjectConfigurationPlatforms) = postSolution
		{657E9E8A-3757-46DC-AB71-5E1F270E6893}.Debug|Any CPU.ActiveCfg = Debug|Any CPU
		{657E9E8A-3757-46DC-AB71-5E1F270E6893}.Debug|Any CPU.Build.0 = Debug|Any CPU
		{657E9E8A-3757-46DC-AB71-5E1F270E6893}.Release|Any CPU.ActiveCfg = Release|Any CPU
		{657E9E8A-3757-46DC-AB71-5E1F270E6893}.Release|Any CPU.Build.0 = Release|Any CPU
	EndGlobalSection
	GlobalSection(SolutionProperties) = preSolution
		HideSolutionNode = FALSE
	EndGlobalSection
	GlobalSection(ExtensibilityGlobals) = postSolution
		SolutionGuid = {DF40C514-AE9C-4D0D-BFD5-181643471B43}
	EndGlobalSection
EndGlobal
